{
  "name": "java_script_stady",
  "version": "1.0.0",
  "lockfileVersion": 1,
  "dependencies": {
    "localdb": {
      "version": "0.2.12",
      "resolved": "http://registry.npm.taobao.org/localdb/download/localdb-0.2.12.tgz"
    },
    "sass": {
      "version": "1.0.0-beta.3",
      "resolved": "https://registry.npmjs.org/sass/-/sass-1.0.0-beta.3.tgz",
      "integrity": "sha1-s6objnYEcTQN/hEBTJr1nAv0jNw="
    }
  }
}
